
Microsoft Visual Studio Solution File, Format Version 12.00
# Visual Studio Version 16
VisualStudioVersion = 16.0.31205.134
MinimumVisualStudioVersion = 10.0.40219.1
Project("{FAE04EC0-301F-11D3-BF4B-00C04F79EFBC}") = "Neo4jGraphTutorial", "Neo4jGraphTutorial\Neo4jGraphTutorial.csproj", "{A38092D4-5416-4EE0-8C26-E9178149048E}"
EndProject
Project("{FAE04EC0-301F-11D3-BF4B-00C04F79EFBC}") = "Neo4jClientDriver", "Neo4jClientDriver\Neo4jClientDriver.csproj", "{B1016142-C45B-4101-8D2E-8E4416E7B7F2}"
EndProject
Global
	GlobalSection(SolutionConfigurationPlatforms) = preSolution
		Debug|Any CPU = Debug|Any CPU
		Release|Any CPU = Release|Any CPU
	EndGlobalSection
	GlobalSection(ProjectConfigurationPlatforms) = postSolution
		{A38092D4-5416-4EE0-8C26-E9178149048E}.Debug|Any CPU.ActiveCfg = Debug|Any CPU
		{A38092D4-5416-4EE0-8C26-E9178149048E}.Debug|Any CPU.Build.0 = Debug|Any CPU
		{A38092D4-5416-4EE0-8C26-E9178149048E}.Release|Any CPU.ActiveCfg = Release|Any CPU
		{A38092D4-5416-4EE0-8C26-E9178149048E}.Release|Any CPU.Build.0 = Release|Any CPU
		{B1016142-C45B-4101-8D2E-8E4416E7B7F2}.Debug|Any CPU.ActiveCfg = Debug|Any CPU
		{B1016142-C45B-4101-8D2E-8E4416E7B7F2}.Debug|Any CPU.Build.0 = Debug|Any CPU
		{B1016142-C45B-4101-8D2E-8E4416E7B7F2}.Release|Any CPU.ActiveCfg = Release|Any CPU
		{B1016142-C45B-4101-8D2E-8E4416E7B7F2}.Release|Any CPU.Build.0 = Release|Any CPU
	EndGlobalSection
	GlobalSection(SolutionProperties) = preSolution
		HideSolutionNode = FALSE
	EndGlobalSection
	GlobalSection(ExtensibilityGlobals) = postSolution
		SolutionGuid = {3A72C7BB-1EA2-4879-AC50-5B631CD83632}
	EndGlobalSection
EndGlobal
